
Microsoft Visual Studio Solution File, Format Version 12.00
# Visual Studio Version 17
VisualStudioVersion = 17.4.33110.190
MinimumVisualStudioVersion = 10.0.40219.1
Project("{FAE04EC0-301F-11D3-BF4B-00C04F79EFBC}") = "Profesores", "Profesores\Profesores.csproj", "{6E42C38F-93F3-4B54-87B4-F5E43D507443}"
EndProject
Global
	GlobalSection(SolutionConfigurationPlatforms) = preSolution
		Debug|Any CPU = Debug|Any CPU
		Release|Any CPU = Release|Any CPU
	EndGlobalSection
	GlobalSection(ProjectConfigurationPlatforms) = postSolution
		{6E42C38F-93F3-4B54-87B4-F5E43D507443}.Debug|Any CPU.ActiveCfg = Debug|Any CPU
		{6E42C38F-93F3-4B54-87B4-F5E43D507443}.Debug|Any CPU.Build.0 = Debug|Any CPU
		{6E42C38F-93F3-4B54-87B4-F5E43D507443}.Release|Any CPU.ActiveCfg = Release|Any CPU
		{6E42C38F-93F3-4B54-87B4-F5E43D507443}.Release|Any CPU.Build.0 = Release|Any CPU
	EndGlobalSection
	GlobalSection(SolutionProperties) = preSolution
		HideSolutionNode = FALSE
	EndGlobalSection
	GlobalSection(ExtensibilityGlobals) = postSolution
		SolutionGuid = {0F6FF960-8DCD-43C3-B42D-6F770EB02E1C}
	EndGlobalSection
EndGlobal
